
Microsoft Visual Studio Solution File, Format Version 12.00
# Visual Studio 15
VisualStudioVersion = 15.0.28307.1684
MinimumVisualStudioVersion = 10.0.40219.1
Project("{FAE04EC0-301F-11D3-BF4B-00C04F79EFBC}") = "AppOnDRMS", "AppOnDRMS\AppOnDRMS.csproj", "{888BA256-3DD5-4C62-9204-A16FD06D5D7E}"
EndProject
Project("{FAE04EC0-301F-11D3-BF4B-00C04F79EFBC}") = "DRMS_Models", "DRMS_Models\DRMS_Models.csproj", "{09F5B279-FA5C-40BB-B0B6-2765982CF82D}"
EndProject
Project("{FAE04EC0-301F-11D3-BF4B-00C04F79EFBC}") = "Base_BL", "Base_BL\Base_BL.csproj", "{F50A091D-2DBF-4A07-9381-2CD5B76254D7}"
EndProject
Global
	GlobalSection(SolutionConfigurationPlatforms) = preSolution
		Debug|Any CPU = Debug|Any CPU
		Release|Any CPU = Release|Any CPU
	EndGlobalSection
	GlobalSection(ProjectConfigurationPlatforms) = postSolution
		{888BA256-3DD5-4C62-9204-A16FD06D5D7E}.Debug|Any CPU.ActiveCfg = Debug|Any CPU
		{888BA256-3DD5-4C62-9204-A16FD06D5D7E}.Debug|Any CPU.Build.0 = Debug|Any CPU
		{888BA256-3DD5-4C62-9204-A16FD06D5D7E}.Release|Any CPU.ActiveCfg = Release|Any CPU
		{888BA256-3DD5-4C62-9204-A16FD06D5D7E}.Release|Any CPU.Build.0 = Release|Any CPU
		{09F5B279-FA5C-40BB-B0B6-2765982CF82D}.Debug|Any CPU.ActiveCfg = Debug|Any CPU
		{09F5B279-FA5C-40BB-B0B6-2765982CF82D}.Debug|Any CPU.Build.0 = Debug|Any CPU
		{09F5B279-FA5C-40BB-B0B6-2765982CF82D}.Release|Any CPU.ActiveCfg = Release|Any CPU
		{09F5B279-FA5C-40BB-B0B6-2765982CF82D}.Release|Any CPU.Build.0 = Release|Any CPU
		{F50A091D-2DBF-4A07-9381-2CD5B76254D7}.Debug|Any CPU.ActiveCfg = Debug|Any CPU
		{F50A091D-2DBF-4A07-9381-2CD5B76254D7}.Debug|Any CPU.Build.0 = Debug|Any CPU
		{F50A091D-2DBF-4A07-9381-2CD5B76254D7}.Release|Any CPU.ActiveCfg = Release|Any CPU
		{F50A091D-2DBF-4A07-9381-2CD5B76254D7}.Release|Any CPU.Build.0 = Release|Any CPU
	EndGlobalSection
	GlobalSection(SolutionProperties) = preSolution
		HideSolutionNode = FALSE
	EndGlobalSection
	GlobalSection(ExtensibilityGlobals) = postSolution
		SolutionGuid = {4454E6E8-7875-4769-AF49-C9BB7BF4E525}
	EndGlobalSection
EndGlobal
